
Microsoft Visual Studio Solution File, Format Version 11.00
# Visual Studio 2010
Project("{2150E333-8FDC-42A3-9474-1A3956D46DE8}") = ".nuget", ".nuget", "{37911352-0933-4CF6-A610-B5353C26F495}"
	ProjectSection(SolutionItems) = preProject
		.nuget\NuGet.Config = .nuget\NuGet.Config
		.nuget\NuGet.exe = .nuget\NuGet.exe
		.nuget\NuGet.targets = .nuget\NuGet.targets
	EndProjectSection
EndProject
Project("{FAE04EC0-301F-11D3-BF4B-00C04F79EFBC}") = "Sample.Domain", "Sample.Domain\Sample.Domain.csproj", "{0BE628E8-9ED5-43E1-8A23-0B01F8808974}"
EndProject
Project("{FAE04EC0-301F-11D3-BF4B-00C04F79EFBC}") = "Sample.Tests", "Sample.Tests\Sample.Tests.csproj", "{42A150BC-ECC7-47CC-BA38-C6A82B71AD8E}"
EndProject
Project("{FAE04EC0-301F-11D3-BF4B-00C04F79EFBC}") = "Sample.Commands", "Sample.Commands\Sample.Commands.csproj", "{BD789CB8-77D7-4410-9FCF-696B921CA5CB}"
EndProject
Project("{FAE04EC0-301F-11D3-BF4B-00C04F79EFBC}") = "Sample.Infrastructure", "Sample.Infrastructure\Sample.Infrastructure.csproj", "{A2FAFAC1-5F50-479A-B301-9DB832B307E5}"
EndProject
Project("{FAE04EC0-301F-11D3-BF4B-00C04F79EFBC}") = "Sample.Server", "Sample.Server\Sample.Server.csproj", "{3188084F-A924-4B84-830C-53862CAB63B6}"
EndProject
Project("{FAE04EC0-301F-11D3-BF4B-00C04F79EFBC}") = "Sample.Client", "Sample.Client\Sample.Client.csproj", "{14D2316C-462A-4B7D-91CA-14E57D0591F7}"
EndProject
Global
	GlobalSection(SolutionConfigurationPlatforms) = preSolution
		Debug|Any CPU = Debug|Any CPU
		Debug|Mixed Platforms = Debug|Mixed Platforms
		Debug|x86 = Debug|x86
		Release|Any CPU = Release|Any CPU
		Release|Mixed Platforms = Release|Mixed Platforms
		Release|x86 = Release|x86
	EndGlobalSection
	GlobalSection(ProjectConfigurationPlatforms) = postSolution
		{0BE628E8-9ED5-43E1-8A23-0B01F8808974}.Debug|Any CPU.ActiveCfg = Debug|Any CPU
		{0BE628E8-9ED5-43E1-8A23-0B01F8808974}.Debug|Any CPU.Build.0 = Debug|Any CPU
		{0BE628E8-9ED5-43E1-8A23-0B01F8808974}.Debug|Mixed Platforms.ActiveCfg = Debug|Any CPU
		{0BE628E8-9ED5-43E1-8A23-0B01F8808974}.Debug|Mixed Platforms.Build.0 = Debug|Any CPU
		{0BE628E8-9ED5-43E1-8A23-0B01F8808974}.Debug|x86.ActiveCfg = Debug|Any CPU
		{0BE628E8-9ED5-43E1-8A23-0B01F8808974}.Release|Any CPU.ActiveCfg = Release|Any CPU
		{0BE628E8-9ED5-43E1-8A23-0B01F8808974}.Release|Any CPU.Build.0 = Release|Any CPU
		{0BE628E8-9ED5-43E1-8A23-0B01F8808974}.Release|Mixed Platforms.ActiveCfg = Release|Any CPU
		{0BE628E8-9ED5-43E1-8A23-0B01F8808974}.Release|Mixed Platforms.Build.0 = Release|Any CPU
		{0BE628E8-9ED5-43E1-8A23-0B01F8808974}.Release|x86.ActiveCfg = Release|Any CPU
		{42A150BC-ECC7-47CC-BA38-C6A82B71AD8E}.Debug|Any CPU.ActiveCfg = Debug|Any CPU
		{42A150BC-ECC7-47CC-BA38-C6A82B71AD8E}.Debug|Any CPU.Build.0 = Debug|Any CPU
		{42A150BC-ECC7-47CC-BA38-C6A82B71AD8E}.Debug|Mixed Platforms.ActiveCfg = Debug|Any CPU
		{42A150BC-ECC7-47CC-BA38-C6A82B71AD8E}.Debug|Mixed Platforms.Build.0 = Debug|Any CPU
		{42A150BC-ECC7-47CC-BA38-C6A82B71AD8E}.Debug|x86.ActiveCfg = Debug|Any CPU
		{42A150BC-ECC7-47CC-BA38-C6A82B71AD8E}.Release|Any CPU.ActiveCfg = Release|Any CPU
		{42A150BC-ECC7-47CC-BA38-C6A82B71AD8E}.Release|Any CPU.Build.0 = Release|Any CPU
		{42A150BC-ECC7-47CC-BA38-C6A82B71AD8E}.Release|Mixed Platforms.ActiveCfg = Release|Any CPU
		{42A150BC-ECC7-47CC-BA38-C6A82B71AD8E}.Release|Mixed Platforms.Build.0 = Release|Any CPU
		{42A150BC-ECC7-47CC-BA38-C6A82B71AD8E}.Release|x86.ActiveCfg = Release|Any CPU
		{BD789CB8-77D7-4410-9FCF-696B921CA5CB}.Debug|Any CPU.ActiveCfg = Debug|Any CPU
		{BD789CB8-77D7-4410-9FCF-696B921CA5CB}.Debug|Any CPU.Build.0 = Debug|Any CPU
		{BD789CB8-77D7-4410-9FCF-696B921CA5CB}.Debug|Mixed Platforms.ActiveCfg = Debug|Any CPU
		{BD789CB8-77D7-4410-9FCF-696B921CA5CB}.Debug|Mixed Platforms.Build.0 = Debug|Any CPU
		{BD789CB8-77D7-4410-9FCF-696B921CA5CB}.Debug|x86.ActiveCfg = Debug|Any CPU
		{BD789CB8-77D7-4410-9FCF-696B921CA5CB}.Release|Any CPU.ActiveCfg = Release|Any CPU
		{BD789CB8-77D7-4410-9FCF-696B921CA5CB}.Release|Any CPU.Build.0 = Release|Any CPU
		{BD789CB8-77D7-4410-9FCF-696B921CA5CB}.Release|Mixed Platforms.ActiveCfg = Release|Any CPU
		{BD789CB8-77D7-4410-9FCF-696B921CA5CB}.Release|Mixed Platforms.Build.0 = Release|Any CPU
		{BD789CB8-77D7-4410-9FCF-696B921CA5CB}.Release|x86.ActiveCfg = Release|Any CPU
		{A2FAFAC1-5F50-479A-B301-9DB832B307E5}.Debug|Any CPU.ActiveCfg = Debug|Any CPU
		{A2FAFAC1-5F50-479A-B301-9DB832B307E5}.Debug|Any CPU.Build.0 = Debug|Any CPU
		{A2FAFAC1-5F50-479A-B301-9DB832B307E5}.Debug|Mixed Platforms.ActiveCfg = Debug|Any CPU
		{A2FAFAC1-5F50-479A-B301-9DB832B307E5}.Debug|Mixed Platforms.Build.0 = Debug|Any CPU
		{A2FAFAC1-5F50-479A-B301-9DB832B307E5}.Debug|x86.ActiveCfg = Debug|Any CPU
		{A2FAFAC1-5F50-479A-B301-9DB832B307E5}.Release|Any CPU.ActiveCfg = Release|Any CPU
		{A2FAFAC1-5F50-479A-B301-9DB832B307E5}.Release|Any CPU.Build.0 = Release|Any CPU
		{A2FAFAC1-5F50-479A-B301-9DB832B307E5}.Release|Mixed Platforms.ActiveCfg = Release|Any CPU
		{A2FAFAC1-5F50-479A-B301-9DB832B307E5}.Release|Mixed Platforms.Build.0 = Release|Any CPU
		{A2FAFAC1-5F50-479A-B301-9DB832B307E5}.Release|x86.ActiveCfg = Release|Any CPU
		{3188084F-A924-4B84-830C-53862CAB63B6}.Debug|Any CPU.ActiveCfg = Debug|x86
		{3188084F-A924-4B84-830C-53862CAB63B6}.Debug|Mixed Platforms.ActiveCfg = Debug|x86
		{3188084F-A924-4B84-830C-53862CAB63B6}.Debug|Mixed Platforms.Build.0 = Debug|x86
		{3188084F-A924-4B84-830C-53862CAB63B6}.Debug|x86.ActiveCfg = Debug|x86
		{3188084F-A924-4B84-830C-53862CAB63B6}.Debug|x86.Build.0 = Debug|x86
		{3188084F-A924-4B84-830C-53862CAB63B6}.Release|Any CPU.ActiveCfg = Release|x86
		{3188084F-A924-4B84-830C-53862CAB63B6}.Release|Mixed Platforms.ActiveCfg = Release|x86
		{3188084F-A924-4B84-830C-53862CAB63B6}.Release|Mixed Platforms.Build.0 = Release|x86
		{3188084F-A924-4B84-830C-53862CAB63B6}.Release|x86.ActiveCfg = Release|x86
		{3188084F-A924-4B84-830C-53862CAB63B6}.Release|x86.Build.0 = Release|x86
		{14D2316C-462A-4B7D-91CA-14E57D0591F7}.Debug|Any CPU.ActiveCfg = Debug|x86
		{14D2316C-462A-4B7D-91CA-14E57D0591F7}.Debug|Mixed Platforms.ActiveCfg = Debug|x86
		{14D2316C-462A-4B7D-91CA-14E57D0591F7}.Debug|Mixed Platforms.Build.0 = Debug|x86
		{14D2316C-462A-4B7D-91CA-14E57D0591F7}.Debug|x86.ActiveCfg = Debug|x86
		{14D2316C-462A-4B7D-91CA-14E57D0591F7}.Debug|x86.Build.0 = Debug|x86
		{14D2316C-462A-4B7D-91CA-14E57D0591F7}.Release|Any CPU.ActiveCfg = Release|x86
		{14D2316C-462A-4B7D-91CA-14E57D0591F7}.Release|Mixed Platforms.ActiveCfg = Release|x86
		{14D2316C-462A-4B7D-91CA-14E57D0591F7}.Release|Mixed Platforms.Build.0 = Release|x86
		{14D2316C-462A-4B7D-91CA-14E57D0591F7}.Release|x86.ActiveCfg = Release|x86
		{14D2316C-462A-4B7D-91CA-14E57D0591F7}.Release|x86.Build.0 = Release|x86
	EndGlobalSection
	GlobalSection(SolutionProperties) = preSolution
		HideSolutionNode = FALSE
	EndGlobalSection
EndGlobal
