
Microsoft Visual Studio Solution File, Format Version 12.00
# Visual Studio 2010
Project("{2150E333-8FDC-42A3-9474-1A3956D46DE8}") = ".nuget", ".nuget", "{37911352-0933-4CF6-A610-B5353C26F495}"
	ProjectSection(SolutionItems) = preProject
		.nuget\NuGet.Config = .nuget\NuGet.Config
		.nuget\NuGet.exe = .nuget\NuGet.exe
		.nuget\NuGet.targets = .nuget\NuGet.targets
	EndProjectSection
EndProject
Project("{FAE04EC0-301F-11D3-BF4B-00C04F79EFBC}") = "Sample.Domain", "Sample.Domain\Sample.Domain.csproj", "{0BE628E8-9ED5-43E1-8A23-0B01F8808974}"
EndProject
Project("{FAE04EC0-301F-11D3-BF4B-00C04F79EFBC}") = "Sample.Tests", "Sample.Tests\Sample.Tests.csproj", "{42A150BC-ECC7-47CC-BA38-C6A82B71AD8E}"
EndProject
Project("{FAE04EC0-301F-11D3-BF4B-00C04F79EFBC}") = "Sample.Commands", "Sample.Commands\Sample.Commands.csproj", "{BD789CB8-77D7-4410-9FCF-696B921CA5CB}"
EndProject
Project("{FAE04EC0-301F-11D3-BF4B-00C04F79EFBC}") = "Sample.Server", "Sample.Server\Sample.Server.csproj", "{3188084F-A924-4B84-830C-53862CAB63B6}"
EndProject
Project("{FAE04EC0-301F-11D3-BF4B-00C04F79EFBC}") = "Sample.Client", "Sample.Client\Sample.Client.csproj", "{14D2316C-462A-4B7D-91CA-14E57D0591F7}"
EndProject
Project("{FAE04EC0-301F-11D3-BF4B-00C04F79EFBC}") = "Proximo.Cqrs.Core", "Proximo.Cqrs.Core\Proximo.Cqrs.Core.csproj", "{A0725B28-FC24-4004-AD2D-CF88ACC2001D}"
EndProject
Project("{FAE04EC0-301F-11D3-BF4B-00C04F79EFBC}") = "Proximo.Cqrs.Server", "Proximo.Cqrs.Server\Proximo.Cqrs.Server.csproj", "{481C67D3-5901-43CC-84B0-7A10D9B77AA5}"
EndProject
Project("{2150E333-8FDC-42A3-9474-1A3956D46DE8}") = "Infrastructure", "Infrastructure", "{6492677F-035B-4775-BAA0-A83B7397F867}"
EndProject
Project("{FAE04EC0-301F-11D3-BF4B-00C04F79EFBC}") = "Proximo.Cqrs.Bus.RhinoEsb", "Proximo.Cqrs.Bus.RhinoEsb\Proximo.Cqrs.Bus.RhinoEsb.csproj", "{B62E1E69-E13E-463B-9AB9-28AB4D9DE836}"
EndProject
Project("{FAE04EC0-301F-11D3-BF4B-00C04F79EFBC}") = "Proximo.Cqrs.Bus.InProcess", "Proximo.Cqrs.Bus.Local\Proximo.Cqrs.Bus.InProcess.csproj", "{CB278906-FD35-46BA-86EB-D035B27E0624}"
EndProject
Project("{FAE04EC0-301F-11D3-BF4B-00C04F79EFBC}") = "Sample.QueryModel", "Sample.QueryModel\Sample.QueryModel.csproj", "{EC53B6F9-1954-4670-9833-C74DD7711197}"
EndProject
Project("{FAE04EC0-301F-11D3-BF4B-00C04F79EFBC}") = "Sample.QueryModel.Builder", "Sample.QueryModel.Builder\Sample.QueryModel.Builder.csproj", "{84EC82FA-564F-4BBD-BC3F-EEB69D1E6DBE}"
EndProject
Project("{FAE04EC0-301F-11D3-BF4B-00C04F79EFBC}") = "Proximo.Cqrs.Bus.RhinoEsb.Castle", "Proximo.Cqrs.Bus.RhinoEsb.Castle\Proximo.Cqrs.Bus.RhinoEsb.Castle.csproj", "{17E31A94-84FA-43BD-B2A5-5DC48C0BFE6C}"
EndProject
Project("{2150E333-8FDC-42A3-9474-1A3956D46DE8}") = "Bus", "Bus", "{1F74C83F-FBA6-49EC-AE93-D95713926D50}"
EndProject
Project("{FAE04EC0-301F-11D3-BF4B-00C04F79EFBC}") = "Proximo.Cqrs.Server.Impl", "Proximo.Cqrs.Server.Impl\Proximo.Cqrs.Server.Impl.csproj", "{9AE1D57F-505C-426F-84F0-86536934C51A}"
EndProject
Project("{FAE04EC0-301F-11D3-BF4B-00C04F79EFBC}") = "Proximo.Cqrs.Infrastructure.Tests", "Proximo.Cqrs.Infrastructure.Tests\Proximo.Cqrs.Infrastructure.Tests.csproj", "{9A788A4E-61EF-44BC-AD0B-E2ADBBE99F4E}"
EndProject
Project("{FAE04EC0-301F-11D3-BF4B-00C04F79EFBC}") = "Sample.QueryModel.Rebuilder", "Sample.QueryModel.Rebuilder\Sample.QueryModel.Rebuilder.csproj", "{420906E8-A239-4EE4-803B-C285C06F645D}"
EndProject
Project("{FAE04EC0-301F-11D3-BF4B-00C04F79EFBC}") = "Sample.QueryModel.NHibernate", "Sample.QueryModel.NHibernate\Sample.QueryModel.NHibernate.csproj", "{14207B62-8B62-4EBE-B211-DE9F3E6064D5}"
EndProject
Global
	GlobalSection(SolutionConfigurationPlatforms) = preSolution
		Debug|Any CPU = Debug|Any CPU
		Debug|Mixed Platforms = Debug|Mixed Platforms
		Debug|x86 = Debug|x86
		Release|Any CPU = Release|Any CPU
		Release|Mixed Platforms = Release|Mixed Platforms
		Release|x86 = Release|x86
	EndGlobalSection
	GlobalSection(ProjectConfigurationPlatforms) = postSolution
		{0BE628E8-9ED5-43E1-8A23-0B01F8808974}.Debug|Any CPU.ActiveCfg = Debug|Any CPU
		{0BE628E8-9ED5-43E1-8A23-0B01F8808974}.Debug|Any CPU.Build.0 = Debug|Any CPU
		{0BE628E8-9ED5-43E1-8A23-0B01F8808974}.Debug|Mixed Platforms.ActiveCfg = Debug|Any CPU
		{0BE628E8-9ED5-43E1-8A23-0B01F8808974}.Debug|Mixed Platforms.Build.0 = Debug|Any CPU
		{0BE628E8-9ED5-43E1-8A23-0B01F8808974}.Debug|x86.ActiveCfg = Debug|Any CPU
		{0BE628E8-9ED5-43E1-8A23-0B01F8808974}.Release|Any CPU.ActiveCfg = Release|Any CPU
		{0BE628E8-9ED5-43E1-8A23-0B01F8808974}.Release|Any CPU.Build.0 = Release|Any CPU
		{0BE628E8-9ED5-43E1-8A23-0B01F8808974}.Release|Mixed Platforms.ActiveCfg = Release|Any CPU
		{0BE628E8-9ED5-43E1-8A23-0B01F8808974}.Release|Mixed Platforms.Build.0 = Release|Any CPU
		{0BE628E8-9ED5-43E1-8A23-0B01F8808974}.Release|x86.ActiveCfg = Release|Any CPU
		{42A150BC-ECC7-47CC-BA38-C6A82B71AD8E}.Debug|Any CPU.ActiveCfg = Debug|Any CPU
		{42A150BC-ECC7-47CC-BA38-C6A82B71AD8E}.Debug|Any CPU.Build.0 = Debug|Any CPU
		{42A150BC-ECC7-47CC-BA38-C6A82B71AD8E}.Debug|Mixed Platforms.ActiveCfg = Debug|Any CPU
		{42A150BC-ECC7-47CC-BA38-C6A82B71AD8E}.Debug|Mixed Platforms.Build.0 = Debug|Any CPU
		{42A150BC-ECC7-47CC-BA38-C6A82B71AD8E}.Debug|x86.ActiveCfg = Debug|Any CPU
		{42A150BC-ECC7-47CC-BA38-C6A82B71AD8E}.Release|Any CPU.ActiveCfg = Release|Any CPU
		{42A150BC-ECC7-47CC-BA38-C6A82B71AD8E}.Release|Any CPU.Build.0 = Release|Any CPU
		{42A150BC-ECC7-47CC-BA38-C6A82B71AD8E}.Release|Mixed Platforms.ActiveCfg = Release|Any CPU
		{42A150BC-ECC7-47CC-BA38-C6A82B71AD8E}.Release|Mixed Platforms.Build.0 = Release|Any CPU
		{42A150BC-ECC7-47CC-BA38-C6A82B71AD8E}.Release|x86.ActiveCfg = Release|Any CPU
		{BD789CB8-77D7-4410-9FCF-696B921CA5CB}.Debug|Any CPU.ActiveCfg = Debug|Any CPU
		{BD789CB8-77D7-4410-9FCF-696B921CA5CB}.Debug|Any CPU.Build.0 = Debug|Any CPU
		{BD789CB8-77D7-4410-9FCF-696B921CA5CB}.Debug|Mixed Platforms.ActiveCfg = Debug|Any CPU
		{BD789CB8-77D7-4410-9FCF-696B921CA5CB}.Debug|Mixed Platforms.Build.0 = Debug|Any CPU
		{BD789CB8-77D7-4410-9FCF-696B921CA5CB}.Debug|x86.ActiveCfg = Debug|Any CPU
		{BD789CB8-77D7-4410-9FCF-696B921CA5CB}.Release|Any CPU.ActiveCfg = Release|Any CPU
		{BD789CB8-77D7-4410-9FCF-696B921CA5CB}.Release|Any CPU.Build.0 = Release|Any CPU
		{BD789CB8-77D7-4410-9FCF-696B921CA5CB}.Release|Mixed Platforms.ActiveCfg = Release|Any CPU
		{BD789CB8-77D7-4410-9FCF-696B921CA5CB}.Release|Mixed Platforms.Build.0 = Release|Any CPU
		{BD789CB8-77D7-4410-9FCF-696B921CA5CB}.Release|x86.ActiveCfg = Release|Any CPU
		{3188084F-A924-4B84-830C-53862CAB63B6}.Debug|Any CPU.ActiveCfg = Debug|x86
		{3188084F-A924-4B84-830C-53862CAB63B6}.Debug|Mixed Platforms.ActiveCfg = Debug|x86
		{3188084F-A924-4B84-830C-53862CAB63B6}.Debug|Mixed Platforms.Build.0 = Debug|x86
		{3188084F-A924-4B84-830C-53862CAB63B6}.Debug|x86.ActiveCfg = Debug|x86
		{3188084F-A924-4B84-830C-53862CAB63B6}.Debug|x86.Build.0 = Debug|x86
		{3188084F-A924-4B84-830C-53862CAB63B6}.Release|Any CPU.ActiveCfg = Release|x86
		{3188084F-A924-4B84-830C-53862CAB63B6}.Release|Mixed Platforms.ActiveCfg = Release|x86
		{3188084F-A924-4B84-830C-53862CAB63B6}.Release|Mixed Platforms.Build.0 = Release|x86
		{3188084F-A924-4B84-830C-53862CAB63B6}.Release|x86.ActiveCfg = Release|x86
		{3188084F-A924-4B84-830C-53862CAB63B6}.Release|x86.Build.0 = Release|x86
		{14D2316C-462A-4B7D-91CA-14E57D0591F7}.Debug|Any CPU.ActiveCfg = Debug|x86
		{14D2316C-462A-4B7D-91CA-14E57D0591F7}.Debug|Mixed Platforms.ActiveCfg = Debug|x86
		{14D2316C-462A-4B7D-91CA-14E57D0591F7}.Debug|Mixed Platforms.Build.0 = Debug|x86
		{14D2316C-462A-4B7D-91CA-14E57D0591F7}.Debug|x86.ActiveCfg = Debug|x86
		{14D2316C-462A-4B7D-91CA-14E57D0591F7}.Debug|x86.Build.0 = Debug|x86
		{14D2316C-462A-4B7D-91CA-14E57D0591F7}.Release|Any CPU.ActiveCfg = Release|x86
		{14D2316C-462A-4B7D-91CA-14E57D0591F7}.Release|Mixed Platforms.ActiveCfg = Release|x86
		{14D2316C-462A-4B7D-91CA-14E57D0591F7}.Release|Mixed Platforms.Build.0 = Release|x86
		{14D2316C-462A-4B7D-91CA-14E57D0591F7}.Release|x86.ActiveCfg = Release|x86
		{14D2316C-462A-4B7D-91CA-14E57D0591F7}.Release|x86.Build.0 = Release|x86
		{A0725B28-FC24-4004-AD2D-CF88ACC2001D}.Debug|Any CPU.ActiveCfg = Debug|Any CPU
		{A0725B28-FC24-4004-AD2D-CF88ACC2001D}.Debug|Any CPU.Build.0 = Debug|Any CPU
		{A0725B28-FC24-4004-AD2D-CF88ACC2001D}.Debug|Mixed Platforms.ActiveCfg = Debug|Any CPU
		{A0725B28-FC24-4004-AD2D-CF88ACC2001D}.Debug|Mixed Platforms.Build.0 = Debug|Any CPU
		{A0725B28-FC24-4004-AD2D-CF88ACC2001D}.Debug|x86.ActiveCfg = Debug|Any CPU
		{A0725B28-FC24-4004-AD2D-CF88ACC2001D}.Release|Any CPU.ActiveCfg = Release|Any CPU
		{A0725B28-FC24-4004-AD2D-CF88ACC2001D}.Release|Any CPU.Build.0 = Release|Any CPU
		{A0725B28-FC24-4004-AD2D-CF88ACC2001D}.Release|Mixed Platforms.ActiveCfg = Release|Any CPU
		{A0725B28-FC24-4004-AD2D-CF88ACC2001D}.Release|Mixed Platforms.Build.0 = Release|Any CPU
		{A0725B28-FC24-4004-AD2D-CF88ACC2001D}.Release|x86.ActiveCfg = Release|Any CPU
		{481C67D3-5901-43CC-84B0-7A10D9B77AA5}.Debug|Any CPU.ActiveCfg = Debug|Any CPU
		{481C67D3-5901-43CC-84B0-7A10D9B77AA5}.Debug|Any CPU.Build.0 = Debug|Any CPU
		{481C67D3-5901-43CC-84B0-7A10D9B77AA5}.Debug|Mixed Platforms.ActiveCfg = Debug|Any CPU
		{481C67D3-5901-43CC-84B0-7A10D9B77AA5}.Debug|Mixed Platforms.Build.0 = Debug|Any CPU
		{481C67D3-5901-43CC-84B0-7A10D9B77AA5}.Debug|x86.ActiveCfg = Debug|Any CPU
		{481C67D3-5901-43CC-84B0-7A10D9B77AA5}.Release|Any CPU.ActiveCfg = Release|Any CPU
		{481C67D3-5901-43CC-84B0-7A10D9B77AA5}.Release|Any CPU.Build.0 = Release|Any CPU
		{481C67D3-5901-43CC-84B0-7A10D9B77AA5}.Release|Mixed Platforms.ActiveCfg = Release|Any CPU
		{481C67D3-5901-43CC-84B0-7A10D9B77AA5}.Release|Mixed Platforms.Build.0 = Release|Any CPU
		{481C67D3-5901-43CC-84B0-7A10D9B77AA5}.Release|x86.ActiveCfg = Release|Any CPU
		{B62E1E69-E13E-463B-9AB9-28AB4D9DE836}.Debug|Any CPU.ActiveCfg = Debug|Any CPU
		{B62E1E69-E13E-463B-9AB9-28AB4D9DE836}.Debug|Any CPU.Build.0 = Debug|Any CPU
		{B62E1E69-E13E-463B-9AB9-28AB4D9DE836}.Debug|Mixed Platforms.ActiveCfg = Debug|Any CPU
		{B62E1E69-E13E-463B-9AB9-28AB4D9DE836}.Debug|Mixed Platforms.Build.0 = Debug|Any CPU
		{B62E1E69-E13E-463B-9AB9-28AB4D9DE836}.Debug|x86.ActiveCfg = Debug|Any CPU
		{B62E1E69-E13E-463B-9AB9-28AB4D9DE836}.Release|Any CPU.ActiveCfg = Release|Any CPU
		{B62E1E69-E13E-463B-9AB9-28AB4D9DE836}.Release|Any CPU.Build.0 = Release|Any CPU
		{B62E1E69-E13E-463B-9AB9-28AB4D9DE836}.Release|Mixed Platforms.ActiveCfg = Release|Any CPU
		{B62E1E69-E13E-463B-9AB9-28AB4D9DE836}.Release|Mixed Platforms.Build.0 = Release|Any CPU
		{B62E1E69-E13E-463B-9AB9-28AB4D9DE836}.Release|x86.ActiveCfg = Release|Any CPU
		{CB278906-FD35-46BA-86EB-D035B27E0624}.Debug|Any CPU.ActiveCfg = Debug|Any CPU
		{CB278906-FD35-46BA-86EB-D035B27E0624}.Debug|Any CPU.Build.0 = Debug|Any CPU
		{CB278906-FD35-46BA-86EB-D035B27E0624}.Debug|Mixed Platforms.ActiveCfg = Debug|Any CPU
		{CB278906-FD35-46BA-86EB-D035B27E0624}.Debug|Mixed Platforms.Build.0 = Debug|Any CPU
		{CB278906-FD35-46BA-86EB-D035B27E0624}.Debug|x86.ActiveCfg = Debug|Any CPU
		{CB278906-FD35-46BA-86EB-D035B27E0624}.Release|Any CPU.ActiveCfg = Release|Any CPU
		{CB278906-FD35-46BA-86EB-D035B27E0624}.Release|Any CPU.Build.0 = Release|Any CPU
		{CB278906-FD35-46BA-86EB-D035B27E0624}.Release|Mixed Platforms.ActiveCfg = Release|Any CPU
		{CB278906-FD35-46BA-86EB-D035B27E0624}.Release|Mixed Platforms.Build.0 = Release|Any CPU
		{CB278906-FD35-46BA-86EB-D035B27E0624}.Release|x86.ActiveCfg = Release|Any CPU
		{EC53B6F9-1954-4670-9833-C74DD7711197}.Debug|Any CPU.ActiveCfg = Debug|Any CPU
		{EC53B6F9-1954-4670-9833-C74DD7711197}.Debug|Any CPU.Build.0 = Debug|Any CPU
		{EC53B6F9-1954-4670-9833-C74DD7711197}.Debug|Mixed Platforms.ActiveCfg = Debug|Any CPU
		{EC53B6F9-1954-4670-9833-C74DD7711197}.Debug|Mixed Platforms.Build.0 = Debug|Any CPU
		{EC53B6F9-1954-4670-9833-C74DD7711197}.Debug|x86.ActiveCfg = Debug|Any CPU
		{EC53B6F9-1954-4670-9833-C74DD7711197}.Release|Any CPU.ActiveCfg = Release|Any CPU
		{EC53B6F9-1954-4670-9833-C74DD7711197}.Release|Any CPU.Build.0 = Release|Any CPU
		{EC53B6F9-1954-4670-9833-C74DD7711197}.Release|Mixed Platforms.ActiveCfg = Release|Any CPU
		{EC53B6F9-1954-4670-9833-C74DD7711197}.Release|Mixed Platforms.Build.0 = Release|Any CPU
		{EC53B6F9-1954-4670-9833-C74DD7711197}.Release|x86.ActiveCfg = Release|Any CPU
		{84EC82FA-564F-4BBD-BC3F-EEB69D1E6DBE}.Debug|Any CPU.ActiveCfg = Debug|Any CPU
		{84EC82FA-564F-4BBD-BC3F-EEB69D1E6DBE}.Debug|Any CPU.Build.0 = Debug|Any CPU
		{84EC82FA-564F-4BBD-BC3F-EEB69D1E6DBE}.Debug|Mixed Platforms.ActiveCfg = Debug|Any CPU
		{84EC82FA-564F-4BBD-BC3F-EEB69D1E6DBE}.Debug|Mixed Platforms.Build.0 = Debug|Any CPU
		{84EC82FA-564F-4BBD-BC3F-EEB69D1E6DBE}.Debug|x86.ActiveCfg = Debug|Any CPU
		{84EC82FA-564F-4BBD-BC3F-EEB69D1E6DBE}.Release|Any CPU.ActiveCfg = Release|Any CPU
		{84EC82FA-564F-4BBD-BC3F-EEB69D1E6DBE}.Release|Any CPU.Build.0 = Release|Any CPU
		{84EC82FA-564F-4BBD-BC3F-EEB69D1E6DBE}.Release|Mixed Platforms.ActiveCfg = Release|Any CPU
		{84EC82FA-564F-4BBD-BC3F-EEB69D1E6DBE}.Release|Mixed Platforms.Build.0 = Release|Any CPU
		{84EC82FA-564F-4BBD-BC3F-EEB69D1E6DBE}.Release|x86.ActiveCfg = Release|Any CPU
		{17E31A94-84FA-43BD-B2A5-5DC48C0BFE6C}.Debug|Any CPU.ActiveCfg = Debug|Any CPU
		{17E31A94-84FA-43BD-B2A5-5DC48C0BFE6C}.Debug|Any CPU.Build.0 = Debug|Any CPU
		{17E31A94-84FA-43BD-B2A5-5DC48C0BFE6C}.Debug|Mixed Platforms.ActiveCfg = Debug|Any CPU
		{17E31A94-84FA-43BD-B2A5-5DC48C0BFE6C}.Debug|Mixed Platforms.Build.0 = Debug|Any CPU
		{17E31A94-84FA-43BD-B2A5-5DC48C0BFE6C}.Debug|x86.ActiveCfg = Debug|Any CPU
		{17E31A94-84FA-43BD-B2A5-5DC48C0BFE6C}.Release|Any CPU.ActiveCfg = Release|Any CPU
		{17E31A94-84FA-43BD-B2A5-5DC48C0BFE6C}.Release|Any CPU.Build.0 = Release|Any CPU
		{17E31A94-84FA-43BD-B2A5-5DC48C0BFE6C}.Release|Mixed Platforms.ActiveCfg = Release|Any CPU
		{17E31A94-84FA-43BD-B2A5-5DC48C0BFE6C}.Release|Mixed Platforms.Build.0 = Release|Any CPU
		{17E31A94-84FA-43BD-B2A5-5DC48C0BFE6C}.Release|x86.ActiveCfg = Release|Any CPU
		{9AE1D57F-505C-426F-84F0-86536934C51A}.Debug|Any CPU.ActiveCfg = Debug|Any CPU
		{9AE1D57F-505C-426F-84F0-86536934C51A}.Debug|Any CPU.Build.0 = Debug|Any CPU
		{9AE1D57F-505C-426F-84F0-86536934C51A}.Debug|Mixed Platforms.ActiveCfg = Debug|Any CPU
		{9AE1D57F-505C-426F-84F0-86536934C51A}.Debug|Mixed Platforms.Build.0 = Debug|Any CPU
		{9AE1D57F-505C-426F-84F0-86536934C51A}.Debug|x86.ActiveCfg = Debug|Any CPU
		{9AE1D57F-505C-426F-84F0-86536934C51A}.Release|Any CPU.ActiveCfg = Release|Any CPU
		{9AE1D57F-505C-426F-84F0-86536934C51A}.Release|Any CPU.Build.0 = Release|Any CPU
		{9AE1D57F-505C-426F-84F0-86536934C51A}.Release|Mixed Platforms.ActiveCfg = Release|Any CPU
		{9AE1D57F-505C-426F-84F0-86536934C51A}.Release|Mixed Platforms.Build.0 = Release|Any CPU
		{9AE1D57F-505C-426F-84F0-86536934C51A}.Release|x86.ActiveCfg = Release|Any CPU
		{9A788A4E-61EF-44BC-AD0B-E2ADBBE99F4E}.Debug|Any CPU.ActiveCfg = Debug|Any CPU
		{9A788A4E-61EF-44BC-AD0B-E2ADBBE99F4E}.Debug|Any CPU.Build.0 = Debug|Any CPU
		{9A788A4E-61EF-44BC-AD0B-E2ADBBE99F4E}.Debug|Mixed Platforms.ActiveCfg = Debug|Any CPU
		{9A788A4E-61EF-44BC-AD0B-E2ADBBE99F4E}.Debug|Mixed Platforms.Build.0 = Debug|Any CPU
		{9A788A4E-61EF-44BC-AD0B-E2ADBBE99F4E}.Debug|x86.ActiveCfg = Debug|Any CPU
		{9A788A4E-61EF-44BC-AD0B-E2ADBBE99F4E}.Release|Any CPU.ActiveCfg = Release|Any CPU
		{9A788A4E-61EF-44BC-AD0B-E2ADBBE99F4E}.Release|Any CPU.Build.0 = Release|Any CPU
		{9A788A4E-61EF-44BC-AD0B-E2ADBBE99F4E}.Release|Mixed Platforms.ActiveCfg = Release|Any CPU
		{9A788A4E-61EF-44BC-AD0B-E2ADBBE99F4E}.Release|Mixed Platforms.Build.0 = Release|Any CPU
		{9A788A4E-61EF-44BC-AD0B-E2ADBBE99F4E}.Release|x86.ActiveCfg = Release|Any CPU
		{420906E8-A239-4EE4-803B-C285C06F645D}.Debug|Any CPU.ActiveCfg = Debug|Any CPU
		{420906E8-A239-4EE4-803B-C285C06F645D}.Debug|Any CPU.Build.0 = Debug|Any CPU
		{420906E8-A239-4EE4-803B-C285C06F645D}.Debug|Mixed Platforms.ActiveCfg = Debug|Any CPU
		{420906E8-A239-4EE4-803B-C285C06F645D}.Debug|Mixed Platforms.Build.0 = Debug|Any CPU
		{420906E8-A239-4EE4-803B-C285C06F645D}.Debug|x86.ActiveCfg = Debug|Any CPU
		{420906E8-A239-4EE4-803B-C285C06F645D}.Release|Any CPU.ActiveCfg = Release|Any CPU
		{420906E8-A239-4EE4-803B-C285C06F645D}.Release|Any CPU.Build.0 = Release|Any CPU
		{420906E8-A239-4EE4-803B-C285C06F645D}.Release|Mixed Platforms.ActiveCfg = Release|Any CPU
		{420906E8-A239-4EE4-803B-C285C06F645D}.Release|Mixed Platforms.Build.0 = Release|Any CPU
		{420906E8-A239-4EE4-803B-C285C06F645D}.Release|x86.ActiveCfg = Release|Any CPU
		{14207B62-8B62-4EBE-B211-DE9F3E6064D5}.Debug|Any CPU.ActiveCfg = Debug|Any CPU
		{14207B62-8B62-4EBE-B211-DE9F3E6064D5}.Debug|Any CPU.Build.0 = Debug|Any CPU
		{14207B62-8B62-4EBE-B211-DE9F3E6064D5}.Debug|Mixed Platforms.ActiveCfg = Debug|Any CPU
		{14207B62-8B62-4EBE-B211-DE9F3E6064D5}.Debug|Mixed Platforms.Build.0 = Debug|Any CPU
		{14207B62-8B62-4EBE-B211-DE9F3E6064D5}.Debug|x86.ActiveCfg = Debug|Any CPU
		{14207B62-8B62-4EBE-B211-DE9F3E6064D5}.Release|Any CPU.ActiveCfg = Release|Any CPU
		{14207B62-8B62-4EBE-B211-DE9F3E6064D5}.Release|Any CPU.Build.0 = Release|Any CPU
		{14207B62-8B62-4EBE-B211-DE9F3E6064D5}.Release|Mixed Platforms.ActiveCfg = Release|Any CPU
		{14207B62-8B62-4EBE-B211-DE9F3E6064D5}.Release|Mixed Platforms.Build.0 = Release|Any CPU
		{14207B62-8B62-4EBE-B211-DE9F3E6064D5}.Release|x86.ActiveCfg = Release|Any CPU
	EndGlobalSection
	GlobalSection(SolutionProperties) = preSolution
		HideSolutionNode = FALSE
	EndGlobalSection
	GlobalSection(NestedProjects) = preSolution
		{481C67D3-5901-43CC-84B0-7A10D9B77AA5} = {6492677F-035B-4775-BAA0-A83B7397F867}
		{A0725B28-FC24-4004-AD2D-CF88ACC2001D} = {6492677F-035B-4775-BAA0-A83B7397F867}
		{1F74C83F-FBA6-49EC-AE93-D95713926D50} = {6492677F-035B-4775-BAA0-A83B7397F867}
		{9AE1D57F-505C-426F-84F0-86536934C51A} = {6492677F-035B-4775-BAA0-A83B7397F867}
		{9A788A4E-61EF-44BC-AD0B-E2ADBBE99F4E} = {6492677F-035B-4775-BAA0-A83B7397F867}
		{CB278906-FD35-46BA-86EB-D035B27E0624} = {1F74C83F-FBA6-49EC-AE93-D95713926D50}
		{17E31A94-84FA-43BD-B2A5-5DC48C0BFE6C} = {1F74C83F-FBA6-49EC-AE93-D95713926D50}
		{B62E1E69-E13E-463B-9AB9-28AB4D9DE836} = {1F74C83F-FBA6-49EC-AE93-D95713926D50}
	EndGlobalSection
EndGlobal
